
Microsoft Visual Studio Solution File, Format Version 12.00
# Visual Studio Version 17
VisualStudioVersion = 17.1.32210.238
MinimumVisualStudioVersion = 10.0.40219.1
Project("{9A19103F-16F7-4668-BE54-9A1E7A4F7556}") = "Course", "Course\Course.csproj", "{815F80EC-32A9-4284-9A9F-128B759E52B4}"
EndProject
Project("{FAE04EC0-301F-11D3-BF4B-00C04F79EFBC}") = "Inheritance", "Inheritance\Inheritance.csproj", "{AAF5CA7A-1E6E-4F1E-90D6-BFF17A2B47D5}"
EndProject
Project("{FAE04EC0-301F-11D3-BF4B-00C04F79EFBC}") = "ExtensionMethods", "Basic\ExtensionMethods.csproj", "{60B58CE5-877F-4A12-830A-9E89136AA673}"
EndProject
Project("{FAE04EC0-301F-11D3-BF4B-00C04F79EFBC}") = "InheritanceTests", "Tests\InheritanceTests.csproj", "{B03BD39F-E586-4F44-86F9-D41D3C0DFB25}"
EndProject
Project("{FAE04EC0-301F-11D3-BF4B-00C04F79EFBC}") = "ExtensionMethodsTests", "ExtensionsTests\ExtensionMethodsTests.csproj", "{BAE0CA7D-B271-4F43-BDEA-9E6D474FB937}"
EndProject
Project("{FAE04EC0-301F-11D3-BF4B-00C04F79EFBC}") = "Solutions", "Solutions\Solutions.csproj", "{86646CEA-380F-4CE3-A780-8594643774D8}"
EndProject
Global
	GlobalSection(SolutionConfigurationPlatforms) = preSolution
		Debug|Any CPU = Debug|Any CPU
		Release|Any CPU = Release|Any CPU
	EndGlobalSection
	GlobalSection(ProjectConfigurationPlatforms) = postSolution
		{815F80EC-32A9-4284-9A9F-128B759E52B4}.Debug|Any CPU.ActiveCfg = Debug|Any CPU
		{815F80EC-32A9-4284-9A9F-128B759E52B4}.Debug|Any CPU.Build.0 = Debug|Any CPU
		{815F80EC-32A9-4284-9A9F-128B759E52B4}.Release|Any CPU.ActiveCfg = Release|Any CPU
		{815F80EC-32A9-4284-9A9F-128B759E52B4}.Release|Any CPU.Build.0 = Release|Any CPU
		{AAF5CA7A-1E6E-4F1E-90D6-BFF17A2B47D5}.Debug|Any CPU.ActiveCfg = Debug|Any CPU
		{AAF5CA7A-1E6E-4F1E-90D6-BFF17A2B47D5}.Debug|Any CPU.Build.0 = Debug|Any CPU
		{AAF5CA7A-1E6E-4F1E-90D6-BFF17A2B47D5}.Release|Any CPU.ActiveCfg = Release|Any CPU
		{AAF5CA7A-1E6E-4F1E-90D6-BFF17A2B47D5}.Release|Any CPU.Build.0 = Release|Any CPU
		{60B58CE5-877F-4A12-830A-9E89136AA673}.Debug|Any CPU.ActiveCfg = Debug|Any CPU
		{60B58CE5-877F-4A12-830A-9E89136AA673}.Debug|Any CPU.Build.0 = Debug|Any CPU
		{60B58CE5-877F-4A12-830A-9E89136AA673}.Release|Any CPU.ActiveCfg = Release|Any CPU
		{60B58CE5-877F-4A12-830A-9E89136AA673}.Release|Any CPU.Build.0 = Release|Any CPU
		{B03BD39F-E586-4F44-86F9-D41D3C0DFB25}.Debug|Any CPU.ActiveCfg = Debug|Any CPU
		{B03BD39F-E586-4F44-86F9-D41D3C0DFB25}.Debug|Any CPU.Build.0 = Debug|Any CPU
		{B03BD39F-E586-4F44-86F9-D41D3C0DFB25}.Release|Any CPU.ActiveCfg = Release|Any CPU
		{B03BD39F-E586-4F44-86F9-D41D3C0DFB25}.Release|Any CPU.Build.0 = Release|Any CPU
		{BAE0CA7D-B271-4F43-BDEA-9E6D474FB937}.Debug|Any CPU.ActiveCfg = Debug|Any CPU
		{BAE0CA7D-B271-4F43-BDEA-9E6D474FB937}.Debug|Any CPU.Build.0 = Debug|Any CPU
		{BAE0CA7D-B271-4F43-BDEA-9E6D474FB937}.Release|Any CPU.ActiveCfg = Release|Any CPU
		{BAE0CA7D-B271-4F43-BDEA-9E6D474FB937}.Release|Any CPU.Build.0 = Release|Any CPU
		{86646CEA-380F-4CE3-A780-8594643774D8}.Debug|Any CPU.ActiveCfg = Debug|Any CPU
		{86646CEA-380F-4CE3-A780-8594643774D8}.Debug|Any CPU.Build.0 = Debug|Any CPU
		{86646CEA-380F-4CE3-A780-8594643774D8}.Release|Any CPU.ActiveCfg = Release|Any CPU
		{86646CEA-380F-4CE3-A780-8594643774D8}.Release|Any CPU.Build.0 = Release|Any CPU
	EndGlobalSection
	GlobalSection(SolutionProperties) = preSolution
		HideSolutionNode = FALSE
	EndGlobalSection
	GlobalSection(ExtensibilityGlobals) = postSolution
		SolutionGuid = {709BDDED-D688-4187-8FC5-486072FAF078}
	EndGlobalSection
EndGlobal
